
Microsoft Visual Studio Solution File, Format Version 12.00
# Visual Studio Version 17
VisualStudioVersion = 17.3.32929.385
MinimumVisualStudioVersion = 10.0.40219.1
Project("{FAE04EC0-301F-11D3-BF4B-00C04F79EFBC}") = "212701035_emre_sevindik_at_yarisi", "at_yarisi\212701035_emre_sevindik_at_yarisi.csproj", "{C7B6624B-0338-4DB9-AC39-3F0B5755044A}"
EndProject
Global
	GlobalSection(SolutionConfigurationPlatforms) = preSolution
		Debug|Any CPU = Debug|Any CPU
		Release|Any CPU = Release|Any CPU
	EndGlobalSection
	GlobalSection(ProjectConfigurationPlatforms) = postSolution
		{C7B6624B-0338-4DB9-AC39-3F0B5755044A}.Debug|Any CPU.ActiveCfg = Debug|Any CPU
		{C7B6624B-0338-4DB9-AC39-3F0B5755044A}.Debug|Any CPU.Build.0 = Debug|Any CPU
		{C7B6624B-0338-4DB9-AC39-3F0B5755044A}.Release|Any CPU.ActiveCfg = Release|Any CPU
		{C7B6624B-0338-4DB9-AC39-3F0B5755044A}.Release|Any CPU.Build.0 = Release|Any CPU
	EndGlobalSection
	GlobalSection(SolutionProperties) = preSolution
		HideSolutionNode = FALSE
	EndGlobalSection
	GlobalSection(ExtensibilityGlobals) = postSolution
		SolutionGuid = {1380E9A6-DB97-43E0-A3CB-0E6F71D5A5DC}
	EndGlobalSection
EndGlobal
